schema: '2.0'
stages:
  ingest:
    cmd: python data/ingest.py
    deps:
    - path: data/ingest.py
      hash: md5
      md5: 91a4bf3a906e52493cee27841a97bd45
      size: 5211
    outs:
    - path: data/raw
      hash: md5
      md5: e20156fecc1bcfc383d31f62ec448eda.dir
      size: 1737953
      nfiles: 2
  validate:
    cmd: python data/validate.py
    deps:
    - path: data/raw/recipes.csv
      hash: md5
      md5: 0945bb4f14655da74f934556565269b7
      size: 1643961
    - path: data/raw/test_recipes.csv
      hash: md5
      md5: aeae55d51b4163df7fbc0f8380d9ec79
      size: 93992
    - path: data/validate.py
      hash: md5
      md5: f279f50a8492c493d901c7556745040b
      size: 10059
    outs:
    - path: data/validation_report.json
      hash: md5
      md5: 4d8507e4aa3de78699b74967bb4cc4fb
      size: 526
    - path: data/validation_report.md
      hash: md5
      md5: 024215e04d4cc9ca0181ac79e31843c4
      size: 371
  split:
    cmd: python data/split.py
    deps:
    - path: data/raw/recipes.csv
      hash: md5
      md5: 0945bb4f14655da74f934556565269b7
      size: 1643961
    - path: data/split.py
      hash: md5
      md5: c6de88775b4db20426145dc4ac9b45c6
      size: 7157
    - path: data/validation_report.json
      hash: md5
      md5: 4d8507e4aa3de78699b74967bb4cc4fb
      size: 526
    outs:
    - path: data/processed/splits/splits_manifest.json
      hash: md5
      md5: 98ad7db9bf91312cbab7470af52f51bf
      size: 794
    - path: data/processed/splits/test.csv
      hash: md5
      md5: f05d411cf273a0df5b061f7952fb7649
      size: 217775
    - path: data/processed/splits/train.csv
      hash: md5
      md5: d35041f3600964d2f12004ca54fcbdda
      size: 1008710
    - path: data/processed/splits/val.csv
      hash: md5
      md5: 04d5d26c2f440a47d78c2905b7a745fb
      size: 215295
